# THIS IS AN AUTOGENERATED FILE. DO NOT EDIT THIS FILE DIRECTLY.
# yarn lockfile v1


"@studio-freight/lenis@^1.0.42":
  version "1.0.42"
  resolved "https://registry.yarnpkg.com/@studio-freight/lenis/-/lenis-1.0.42.tgz#031402beee5eede12649beb9a912abd1aa98f96a"
  integrity sha512-HJAGf2DeM+BTvKzHv752z6Z7zy6bA643nZM7W88Ft9tnw2GsJSp6iJ+3cekjyMIWH+cloL2U9X82dKXgdU8kPg==
